// !$*UTF8*$!
{
	archiveVersion = 1;
	classes = {
	};
	objectVersion = 50;
	objects = {

/* Begin PBXBuildFile section */
		F50755FF24F3C94100409F5A /* Protocols.swift in Sources */ = {isa = PBXBuildFile; fileRef = F50755FE24F3C94100409F5A /* Protocols.swift */; };
		F5079AB324F3E9FA0094B8E3 /* TodoListCell.swift in Sources */ = {isa = PBXBuildFile; fileRef = F5079AB224F3E9FA0094B8E3 /* TodoListCell.swift */; };
		F5264FFF247BBD7D00863260 /* UIViewController+Ext.swift in Sources */ = {isa = PBXBuildFile; fileRef = F5264FFE247BBD7D00863260 /* UIViewController+Ext.swift */; };
		F557679024F7AEFE0036D2AF /* TodoListDataSource.swift in Sources */ = {isa = PBXBuildFile; fileRef = F557678F24F7AEFE0036D2AF /* TodoListDataSource.swift */; };
		F5694414247B1CFB0089E9F8 /* CreateTodoController.swift in Sources */ = {isa = PBXBuildFile; fileRef = F5694413247B1CFB0089E9F8 /* CreateTodoController.swift */; };
		F57F620E2479C21400F0541B /* PersistanceManager.swift in Sources */ = {isa = PBXBuildFile; fileRef = F57F620D2479C21400F0541B /* PersistanceManager.swift */; };
		F57F62182479D42B00F0541B /* Extension_LayoutAnchors.swift in Sources */ = {isa = PBXBuildFile; fileRef = F57F62172479D42B00F0541B /* Extension_LayoutAnchors.swift */; };
		F57F621A2479D50000F0541B /* AddTodoButton.swift in Sources */ = {isa = PBXBuildFile; fileRef = F57F62192479D50000F0541B /* AddTodoButton.swift */; };
		F59A382624A62888002FFA8B /* UIColor+Theme.swift in Sources */ = {isa = PBXBuildFile; fileRef = F59A382524A62888002FFA8B /* UIColor+Theme.swift */; };
		F5C7021A247804D70027BD18 /* AppDelegate.swift in Sources */ = {isa = PBXBuildFile; fileRef = F5C70219247804D70027BD18 /* AppDelegate.swift */; };
		F5C7021C247804D70027BD18 /* SceneDelegate.swift in Sources */ = {isa = PBXBuildFile; fileRef = F5C7021B247804D70027BD18 /* SceneDelegate.swift */; };
		F5C7021E247804D70027BD18 /* TodosListController.swift in Sources */ = {isa = PBXBuildFile; fileRef = F5C7021D247804D70027BD18 /* TodosListController.swift */; };
		F5C70224247804D70027BD18 /* TodoMaster.xcdatamodeld in Sources */ = {isa = PBXBuildFile; fileRef = F5C70222247804D70027BD18 /* TodoMaster.xcdatamodeld */; };
		F5C70226247804D90027BD18 /* Assets.xcassets in Resources */ = {isa = PBXBuildFile; fileRef = F5C70225247804D90027BD18 /* Assets.xcassets */; };
		F5C70229247804D90027BD18 /* LaunchScreen.storyboard in Resources */ = {isa = PBXBuildFile; fileRef = F5C70227247804D90027BD18 /* LaunchScreen.storyboard */; };
/* End PBXBuildFile section */

/* Begin PBXFileReference section */
		F50755FE24F3C94100409F5A /* Protocols.swift */ = {isa = PBXFileReference; lastKnownFileType = sourcecode.swift; path = Protocols.swift; sourceTree = "<group>"; };
		F5079AB224F3E9FA0094B8E3 /* TodoListCell.swift */ = {isa = PBXFileReference; lastKnownFileType = sourcecode.swift; path = TodoListCell.swift; sourceTree = "<group>"; };
		F5264FFE247BBD7D00863260 /* UIViewController+Ext.swift */ = {isa = PBXFileReference; lastKnownFileType = sourcecode.swift; path = "UIViewController+Ext.swift"; sourceTree = "<group>"; };
		F557678F24F7AEFE0036D2AF /* TodoListDataSource.swift */ = {isa = PBXFileReference; lastKnownFileType = sourcecode.swift; path = TodoListDataSource.swift; sourceTree = "<group>"; };
		F5694413247B1CFB0089E9F8 /* CreateTodoController.swift */ = {isa = PBXFileReference; lastKnownFileType = sourcecode.swift; path = CreateTodoController.swift; sourceTree = "<group>"; };
		F57F620D2479C21400F0541B /* PersistanceManager.swift */ = {isa = PBXFileReference; lastKnownFileType = sourcecode.swift; path = PersistanceManager.swift; sourceTree = "<group>"; };
		F57F62172479D42B00F0541B /* Extension_LayoutAnchors.swift */ = {isa = PBXFileReference; fileEncoding = 4; lastKnownFileType = sourcecode.swift; path = Extension_LayoutAnchors.swift; sourceTree = "<group>"; };
		F57F62192479D50000F0541B /* AddTodoButton.swift */ = {isa = PBXFileReference; lastKnownFileType = sourcecode.swift; path = AddTodoButton.swift; sourceTree = "<group>"; };
		F59A382524A62888002FFA8B /* UIColor+Theme.swift */ = {isa = PBXFileReference; lastKnownFileType = sourcecode.swift; path = "UIColor+Theme.swift"; sourceTree = "<group>"; };
		F5C70216247804D70027BD18 /* TodoMaster.app */ = {isa = PBXFileReference; explicitFileType = wrapper.application; includeInIndex = 0; path = TodoMaster.app; sourceTree = BUILT_PRODUCTS_DIR; };
		F5C70219247804D70027BD18 /* AppDelegate.swift */ = {isa = PBXFileReference; lastKnownFileType = sourcecode.swift; path = AppDelegate.swift; sourceTree = "<group>"; };
		F5C7021B247804D70027BD18 /* SceneDelegate.swift */ = {isa = PBXFileReference; lastKnownFileType = sourcecode.swift; path = SceneDelegate.swift; sourceTree = "<group>"; };
		F5C7021D247804D70027BD18 /* TodosListController.swift */ = {isa = PBXFileReference; lastKnownFileType = sourcecode.swift; path = TodosListController.swift; sourceTree = "<group>"; };
		F5C70223247804D70027BD18 /* TodoMaster.xcdatamodel */ = {isa = PBXFileReference; lastKnownFileType = wrapper.xcdatamodel; path = TodoMaster.xcdatamodel; sourceTree = "<group>"; };
		F5C70225247804D90027BD18 /* Assets.xcassets */ = {isa = PBXFileReference; lastKnownFileType = folder.assetcatalog; path = Assets.xcassets; sourceTree = "<group>"; };
		F5C70228247804D90027BD18 /* Base */ = {isa = PBXFileReference; lastKnownFileType = file.storyboard; name = Base; path = Base.lproj/LaunchScreen.storyboard; sourceTree = "<group>"; };
		F5C7022A247804D90027BD18 /* Info.plist */ = {isa = PBXFileReference; lastKnownFileType = text.plist.xml; path = Info.plist; sourceTree = "<group>"; };
/* End PBXFileReference section */

/* Begin PBXFrameworksBuildPhase section */
		F5C70213247804D70027BD18 /* Frameworks */ = {
			isa = PBXFrameworksBuildPhase;
			buildActionMask = 2147483647;
			files = (
			);
			runOnlyForDeploymentPostprocessing = 0;
		};
/* End PBXFrameworksBuildPhase section */

/* Begin PBXGroup section */
		F5264FF8247BB93100863260 /* CreateTodo */ = {
			isa = PBXGroup;
			children = (
				F5694413247B1CFB0089E9F8 /* CreateTodoController.swift */,
			);
			path = CreateTodo;
			sourceTree = "<group>";
		};
		F5264FF9247BB94D00863260 /* TodosList */ = {
			isa = PBXGroup;
			children = (
				F5C7021D247804D70027BD18 /* TodosListController.swift */,
				F57F62192479D50000F0541B /* AddTodoButton.swift */,
				F5079AB224F3E9FA0094B8E3 /* TodoListCell.swift */,
				F557678F24F7AEFE0036D2AF /* TodoListDataSource.swift */,
			);
			path = TodosList;
			sourceTree = "<group>";
		};
		F57F62132479D3D700F0541B /* Persistance */ = {
			isa = PBXGroup;
			children = (
				F57F620D2479C21400F0541B /* PersistanceManager.swift */,
			);
			path = Persistance;
			sourceTree = "<group>";
		};
		F57F62162479D41500F0541B /* Extensions */ = {
			isa = PBXGroup;
			children = (
				F57F62172479D42B00F0541B /* Extension_LayoutAnchors.swift */,
				F5264FFE247BBD7D00863260 /* UIViewController+Ext.swift */,
				F59A382524A62888002FFA8B /* UIColor+Theme.swift */,
			);
			path = Extensions;
			sourceTree = "<group>";
		};
		F5C7020D247804D70027BD18 = {
			isa = PBXGroup;
			children = (
				F5C70218247804D70027BD18 /* TodoMaster */,
				F5C70217247804D70027BD18 /* Products */,
			);
			sourceTree = "<group>";
		};
		F5C70217247804D70027BD18 /* Products */ = {
			isa = PBXGroup;
			children = (
				F5C70216247804D70027BD18 /* TodoMaster.app */,
			);
			name = Products;
			sourceTree = "<group>";
		};
		F5C70218247804D70027BD18 /* TodoMaster */ = {
			isa = PBXGroup;
			children = (
				F5C70219247804D70027BD18 /* AppDelegate.swift */,
				F5C7021B247804D70027BD18 /* SceneDelegate.swift */,
				F5264FF9247BB94D00863260 /* TodosList */,
				F5264FF8247BB93100863260 /* CreateTodo */,
				F57F62132479D3D700F0541B /* Persistance */,
				F57F62162479D41500F0541B /* Extensions */,
				F50755FE24F3C94100409F5A /* Protocols.swift */,
				F5C70225247804D90027BD18 /* Assets.xcassets */,
				F5C70227247804D90027BD18 /* LaunchScreen.storyboard */,
				F5C7022A247804D90027BD18 /* Info.plist */,
				F5C70222247804D70027BD18 /* TodoMaster.xcdatamodeld */,
			);
			path = TodoMaster;
			sourceTree = "<group>";
		};
/* End PBXGroup section */

/* Begin PBXNativeTarget section */
		F5C70215247804D70027BD18 /* TodoMaster */ = {
			isa = PBXNativeTarget;
			buildConfigurationList = F5C7022D247804D90027BD18 /* Build configuration list for PBXNativeTarget "TodoMaster" */;
			buildPhases = (
				F5C70212247804D70027BD18 /* Sources */,
				F5C70213247804D70027BD18 /* Frameworks */,
				F5C70214247804D70027BD18 /* Resources */,
			);
			buildRules = (
			);
			dependencies = (
			);
			name = TodoMaster;
			productName = TodoMaster;
			productReference = F5C70216247804D70027BD18 /* TodoMaster.app */;
			productType = "com.apple.product-type.application";
		};
/* End PBXNativeTarget section */

/* Begin PBXProject section */
		F5C7020E247804D70027BD18 /* Project object */ = {
			isa = PBXProject;
			attributes = {
				LastSwiftUpdateCheck = 1130;
				LastUpgradeCheck = 1130;
				ORGANIZATIONNAME = "Andrew Demenagas";
				TargetAttributes = {
					F5C70215247804D70027BD18 = {
						CreatedOnToolsVersion = 11.3.1;
					};
				};
			};
			buildConfigurationList = F5C70211247804D70027BD18 /* Build configuration list for PBXProject "TodoMaster" */;
			compatibilityVersion = "Xcode 9.3";
			developmentRegion = en;
			hasScannedForEncodings = 0;
			knownRegions = (
				en,
				Base,
			);
			mainGroup = F5C7020D247804D70027BD18;
			productRefGroup = F5C70217247804D70027BD18 /* Products */;
			projectDirPath = "";
			projectRoot = "";
			targets = (
				F5C70215247804D70027BD18 /* TodoMaster */,
			);
		};
/* End PBXProject section */

/* Begin PBXResourcesBuildPhase section */
		F5C70214247804D70027BD18 /* Resources */ = {
			isa = PBXResourcesBuildPhase;
			buildActionMask = 2147483647;
			files = (
				F5C70229247804D90027BD18 /* LaunchScreen.storyboard in Resources */,
				F5C70226247804D90027BD18 /* Assets.xcassets in Resources */,
			);
			runOnlyForDeploymentPostprocessing = 0;
		};
/* End PBXResourcesBuildPhase section */

/* Begin PBXSourcesBuildPhase section */
		F5C70212247804D70027BD18 /* Sources */ = {
			isa = PBXSourcesBuildPhase;
			buildActionMask = 2147483647;
			files = (
				F57F62182479D42B00F0541B /* Extension_LayoutAnchors.swift in Sources */,
				F5264FFF247BBD7D00863260 /* UIViewController+Ext.swift in Sources */,
				F57F620E2479C21400F0541B /* PersistanceManager.swift in Sources */,
				F57F621A2479D50000F0541B /* AddTodoButton.swift in Sources */,
				F5694414247B1CFB0089E9F8 /* CreateTodoController.swift in Sources */,
				F5C7021E247804D70027BD18 /* TodosListController.swift in Sources */,
				F5C70224247804D70027BD18 /* TodoMaster.xcdatamodeld in Sources */,
				F5C7021A247804D70027BD18 /* AppDelegate.swift in Sources */,
				F50755FF24F3C94100409F5A /* Protocols.swift in Sources */,
				F59A382624A62888002FFA8B /* UIColor+Theme.swift in Sources */,
				F5079AB324F3E9FA0094B8E3 /* TodoListCell.swift in Sources */,
				F5C7021C247804D70027BD18 /* SceneDelegate.swift in Sources */,
				F557679024F7AEFE0036D2AF /* TodoListDataSource.swift in Sources */,
			);
			runOnlyForDeploymentPostprocessing = 0;
		};
/* End PBXSourcesBuildPhase section */

/* Begin PBXVariantGroup section */
		F5C70227247804D90027BD18 /* LaunchScreen.storyboard */ = {
			isa = PBXVariantGroup;
			children = (
				F5C70228247804D90027BD18 /* Base */,
			);
			name = LaunchScreen.storyboard;
			sourceTree = "<group>";
		};
/* End PBXVariantGroup section */

/* Begin XCBuildConfiguration section */
		F5C7022B247804D90027BD18 /* Debug */ = {
			isa = XCBuildConfiguration;
			buildSettings = {
				ALWAYS_SEARCH_USER_PATHS = NO;
				CLANG_ANALYZER_NONNULL = YES;
				CLANG_ANALYZER_NUMBER_OBJECT_CONVERSION = YES_AGGRESSIVE;
				CLANG_CXX_LANGUAGE_STANDARD = "gnu++14";
				CLANG_CXX_LIBRARY = "libc++";
				CLANG_ENABLE_MODULES = YES;
				CLANG_ENABLE_OBJC_ARC = YES;
				CLANG_ENABLE_OBJC_WEAK = YES;
				CLANG_WARN_BLOCK_CAPTURE_AUTORELEASING = YES;
				CLANG_WARN_BOOL_CONVERSION = YES;
				CLANG_WARN_COMMA = YES;
				CLANG_WARN_CONSTANT_CONVERSION = YES;
				CLANG_WARN_DEPRECATED_OBJC_IMPLEMENTATIONS = YES;
				CLANG_WARN_DIRECT_OBJC_ISA_USAGE = YES_ERROR;
				CLANG_WARN_DOCUMENTATION_COMMENTS = YES;
				CLANG_WARN_EMPTY_BODY = YES;
				CLANG_WARN_ENUM_CONVERSION = YES;
				CLANG_WARN_INFINITE_RECURSION = YES;
				CLANG_WARN_INT_CONVERSION = YES;
				CLANG_WARN_NON_LITERAL_NULL_CONVERSION = YES;
				CLANG_WARN_OBJC_IMPLICIT_RETAIN_SELF = YES;
				CLANG_WARN_OBJC_LITERAL_CONVERSION = YES;
				CLANG_WARN_OBJC_ROOT_CLASS = YES_ERROR;
				CLANG_WARN_RANGE_LOOP_ANALYSIS = YES;
				CLANG_WARN_STRICT_PROTOTYPES = YES;
				CLANG_WARN_SUSPICIOUS_MOVE = YES;
				CLANG_WARN_UNGUARDED_AVAILABILITY = YES_AGGRESSIVE;
				CLANG_WARN_UNREACHABLE_CODE = YES;
				CLANG_WARN__DUPLICATE_METHOD_MATCH = YES;
				COPY_PHASE_STRIP = NO;
				DEBUG_INFORMATION_FORMAT = dwarf;
				ENABLE_STRICT_OBJC_MSGSEND = YES;
				ENABLE_TESTABILITY = YES;
				GCC_C_LANGUAGE_STANDARD = gnu11;
				GCC_DYNAMIC_NO_PIC = NO;
				GCC_NO_COMMON_BLOCKS = YES;
				GCC_OPTIMIZATION_LEVEL = 0;
				GCC_PREPROCESSOR_DEFINITIONS = (
					"DEBUG=1",
					"$(inherited)",
				);
				GCC_WARN_64_TO_32_BIT_CONVERSION = YES;
				GCC_WARN_ABOUT_RETURN_TYPE = YES_ERROR;
				GCC_WARN_UNDECLARED_SELECTOR = YES;
				GCC_WARN_UNINITIALIZED_AUTOS = YES_AGGRESSIVE;
				GCC_WARN_UNUSED_FUNCTION = YES;
				GCC_WARN_UNUSED_VARIABLE = YES;
				IPHONEOS_DEPLOYMENT_TARGET = 13.2;
				MTL_ENABLE_DEBUG_INFO = INCLUDE_SOURCE;
				MTL_FAST_MATH = YES;
				ONLY_ACTIVE_ARCH = YES;
				SDKROOT = iphoneos;
				SWIFT_ACTIVE_COMPILATION_CONDITIONS = DEBUG;
				SWIFT_OPTIMIZATION_LEVEL = "-Onone";
			};
			name = Debug;
		};
		F5C7022C247804D90027BD18 /* Release */ = {
			isa = XCBuildConfiguration;
			buildSettings = {
				ALWAYS_SEARCH_USER_PATHS = NO;
				CLANG_ANALYZER_NONNULL = YES;
				CLANG_ANALYZER_NUMBER_OBJECT_CONVERSION = YES_AGGRESSIVE;
				CLANG_CXX_LANGUAGE_STANDARD = "gnu++14";
				CLANG_CXX_LIBRARY = "libc++";
				CLANG_ENABLE_MODULES = YES;
				CLANG_ENABLE_OBJC_ARC = YES;
				CLANG_ENABLE_OBJC_WEAK = YES;
				CLANG_WARN_BLOCK_CAPTURE_AUTORELEASING = YES;
				CLANG_WARN_BOOL_CONVERSION = YES;
				CLANG_WARN_COMMA = YES;
				CLANG_WARN_CONSTANT_CONVERSION = YES;
				CLANG_WARN_DEPRECATED_OBJC_IMPLEMENTATIONS = YES;
				CLANG_WARN_DIRECT_OBJC_ISA_USAGE = YES_ERROR;
				CLANG_WARN_DOCUMENTATION_COMMENTS = YES;
				CLANG_WARN_EMPTY_BODY = YES;
				CLANG_WARN_ENUM_CONVERSION = YES;
				CLANG_WARN_INFINITE_RECURSION = YES;
				CLANG_WARN_INT_CONVERSION = YES;
				CLANG_WARN_NON_LITERAL_NULL_CONVERSION = YES;
				CLANG_WARN_OBJC_IMPLICIT_RETAIN_SELF = YES;
				CLANG_WARN_OBJC_LITERAL_CONVERSION = YES;
				CLANG_WARN_OBJC_ROOT_CLASS = YES_ERROR;
				CLANG_WARN_RANGE_LOOP_ANALYSIS = YES;
				CLANG_WARN_STRICT_PROTOTYPES = YES;
				CLANG_WARN_SUSPICIOUS_MOVE = YES;
				CLANG_WARN_UNGUARDED_AVAILABILITY = YES_AGGRESSIVE;
				CLANG_WARN_UNREACHABLE_CODE = YES;
				CLANG_WARN__DUPLICATE_METHOD_MATCH = YES;
				COPY_PHASE_STRIP = NO;
				DEBUG_INFORMATION_FORMAT = "dwarf-with-dsym";
				ENABLE_NS_ASSERTIONS = NO;
				ENABLE_STRICT_OBJC_MSGSEND = YES;
				GCC_C_LANGUAGE_STANDARD = gnu11;
				GCC_NO_COMMON_BLOCKS = YES;
				GCC_WARN_64_TO_32_BIT_CONVERSION = YES;
				GCC_WARN_ABOUT_RETURN_TYPE = YES_ERROR;
				GCC_WARN_UNDECLARED_SELECTOR = YES;
				GCC_WARN_UNINITIALIZED_AUTOS = YES_AGGRESSIVE;
				GCC_WARN_UNUSED_FUNCTION = YES;
				GCC_WARN_UNUSED_VARIABLE = YES;
				IPHONEOS_DEPLOYMENT_TARGET = 13.2;
				MTL_ENABLE_DEBUG_INFO = NO;
				MTL_FAST_MATH = YES;
				SDKROOT = iphoneos;
				SWIFT_COMPILATION_MODE = wholemodule;
				SWIFT_OPTIMIZATION_LEVEL = "-O";
				VALIDATE_PRODUCT = YES;
			};
			name = Release;
		};
		F5C7022E247804D90027BD18 /* Debug */ = {
			isa = XCBuildConfiguration;
			buildSettings = {
				ASSETCATALOG_COMPILER_APPICON_NAME = AppIcon;
				CODE_SIGN_STYLE = Automatic;
				DEVELOPMENT_TEAM = HACZ6L5C84;
				INFOPLIST_FILE = TodoMaster/Info.plist;
				LD_RUNPATH_SEARCH_PATHS = (
					"$(inherited)",
					"@executable_path/Frameworks",
				);
				PRODUCT_BUNDLE_IDENTIFIER = AndrewDemenagas.TodoMaster;
				PRODUCT_NAME = "$(TARGET_NAME)";
				SWIFT_VERSION = 5.0;
				TARGETED_DEVICE_FAMILY = "1,2";
			};
			name = Debug;
		};
		F5C7022F247804D90027BD18 /* Release */ = {
			isa = XCBuildConfiguration;
			buildSettings = {
				ASSETCATALOG_COMPILER_APPICON_NAME = AppIcon;
				CODE_SIGN_STYLE = Automatic;
				DEVELOPMENT_TEAM = HACZ6L5C84;
				INFOPLIST_FILE = TodoMaster/Info.plist;
				LD_RUNPATH_SEARCH_PATHS = (
					"$(inherited)",
					"@executable_path/Frameworks",
				);
				PRODUCT_BUNDLE_IDENTIFIER = AndrewDemenagas.TodoMaster;
				PRODUCT_NAME = "$(TARGET_NAME)";
				SWIFT_VERSION = 5.0;
				TARGETED_DEVICE_FAMILY = "1,2";
			};
			name = Release;
		};
/* End XCBuildConfiguration section */

/* Begin XCConfigurationList section */
		F5C70211247804D70027BD18 /* Build configuration list for PBXProject "TodoMaster" */ = {
			isa = XCConfigurationList;
			buildConfigurations = (
				F5C7022B247804D90027BD18 /* Debug */,
				F5C7022C247804D90027BD18 /* Release */,
			);
			defaultConfigurationIsVisible = 0;
			defaultConfigurationName = Release;
		};
		F5C7022D247804D90027BD18 /* Build configuration list for PBXNativeTarget "TodoMaster" */ = {
			isa = XCConfigurationList;
			buildConfigurations = (
				F5C7022E247804D90027BD18 /* Debug */,
				F5C7022F247804D90027BD18 /* Release */,
			);
			defaultConfigurationIsVisible = 0;
			defaultConfigurationName = Release;
		};
/* End XCConfigurationList section */

/* Begin XCVersionGroup section */
		F5C70222247804D70027BD18 /* TodoMaster.xcdatamodeld */ = {
			isa = XCVersionGroup;
			children = (
				F5C70223247804D70027BD18 /* TodoMaster.xcdatamodel */,
			);
			currentVersion = F5C70223247804D70027BD18 /* TodoMaster.xcdatamodel */;
			path = TodoMaster.xcdatamodeld;
			sourceTree = "<group>";
			versionGroupType = wrapper.xcdatamodel;
		};
/* End XCVersionGroup section */
	};
	rootObject = F5C7020E247804D70027BD18 /* Project object */;
}
